
Microsoft Visual Studio Solution File, Format Version 12.00
# Visual Studio Version 16
VisualStudioVersion = 16.0.31702.278
MinimumVisualStudioVersion = 10.0.40219.1
Project("{FAE04EC0-301F-11D3-BF4B-00C04F79EFBC}") = "Volga-It_XXI_HtmlParser", "Volga-It_XXI_HtmlParser\Volga-It_XXI_HtmlParser.csproj", "{B61D1F79-F0B7-418C-B5E1-4BFB62BA4E79}"
EndProject
Global
	GlobalSection(SolutionConfigurationPlatforms) = preSolution
		Debug|Any CPU = Debug|Any CPU
		Release|Any CPU = Release|Any CPU
	EndGlobalSection
	GlobalSection(ProjectConfigurationPlatforms) = postSolution
		{B61D1F79-F0B7-418C-B5E1-4BFB62BA4E79}.Debug|Any CPU.ActiveCfg = Debug|Any CPU
		{B61D1F79-F0B7-418C-B5E1-4BFB62BA4E79}.Debug|Any CPU.Build.0 = Debug|Any CPU
		{B61D1F79-F0B7-418C-B5E1-4BFB62BA4E79}.Release|Any CPU.ActiveCfg = Release|Any CPU
		{B61D1F79-F0B7-418C-B5E1-4BFB62BA4E79}.Release|Any CPU.Build.0 = Release|Any CPU
	EndGlobalSection
	GlobalSection(SolutionProperties) = preSolution
		HideSolutionNode = FALSE
	EndGlobalSection
	GlobalSection(ExtensibilityGlobals) = postSolution
		SolutionGuid = {8F07C2B5-5CA5-479F-8CB2-CB2B5DC6C7B3}
	EndGlobalSection
EndGlobal
